
Microsoft Visual Studio Solution File, Format Version 12.00
# Visual Studio Version 17
VisualStudioVersion = 17.3.32922.545
MinimumVisualStudioVersion = 10.0.40219.1
Project("{FAE04EC0-301F-11D3-BF4B-00C04F79EFBC}") = "KwonLab4", "KwonLab4\KwonLab4.csproj", "{F1E27DD8-5F18-4B64-A0DD-1B49783157FB}"
EndProject
Global
	GlobalSection(SolutionConfigurationPlatforms) = preSolution
		Debug|Any CPU = Debug|Any CPU
		Release|Any CPU = Release|Any CPU
	EndGlobalSection
	GlobalSection(ProjectConfigurationPlatforms) = postSolution
		{F1E27DD8-5F18-4B64-A0DD-1B49783157FB}.Debug|Any CPU.ActiveCfg = Debug|Any CPU
		{F1E27DD8-5F18-4B64-A0DD-1B49783157FB}.Debug|Any CPU.Build.0 = Debug|Any CPU
		{F1E27DD8-5F18-4B64-A0DD-1B49783157FB}.Release|Any CPU.ActiveCfg = Release|Any CPU
		{F1E27DD8-5F18-4B64-A0DD-1B49783157FB}.Release|Any CPU.Build.0 = Release|Any CPU
	EndGlobalSection
	GlobalSection(SolutionProperties) = preSolution
		HideSolutionNode = FALSE
	EndGlobalSection
	GlobalSection(ExtensibilityGlobals) = postSolution
		SolutionGuid = {AE204096-5BEB-42AB-ACF5-A4F6416B5A3B}
	EndGlobalSection
EndGlobal
